
Microsoft Visual Studio Solution File, Format Version 12.00
# Visual Studio Version 17
VisualStudioVersion = 17.4.33103.184
MinimumVisualStudioVersion = 10.0.40219.1
Project("{FAE04EC0-301F-11D3-BF4B-00C04F79EFBC}") = "UseDapper", "UseDapper.csproj", "{5BEE4824-7E02-4DAD-B5A5-1BB487FD2E42}"
EndProject
Global
	GlobalSection(SolutionConfigurationPlatforms) = preSolution
		Debug|Any CPU = Debug|Any CPU
		Release|Any CPU = Release|Any CPU
	EndGlobalSection
	GlobalSection(ProjectConfigurationPlatforms) = postSolution
		{5BEE4824-7E02-4DAD-B5A5-1BB487FD2E42}.Debug|Any CPU.ActiveCfg = Debug|Any CPU
		{5BEE4824-7E02-4DAD-B5A5-1BB487FD2E42}.Debug|Any CPU.Build.0 = Debug|Any CPU
		{5BEE4824-7E02-4DAD-B5A5-1BB487FD2E42}.Release|Any CPU.ActiveCfg = Release|Any CPU
		{5BEE4824-7E02-4DAD-B5A5-1BB487FD2E42}.Release|Any CPU.Build.0 = Release|Any CPU
	EndGlobalSection
	GlobalSection(SolutionProperties) = preSolution
		HideSolutionNode = FALSE
	EndGlobalSection
	GlobalSection(ExtensibilityGlobals) = postSolution
		SolutionGuid = {815EA059-6949-44BE-AA06-78470D653CE3}
	EndGlobalSection
EndGlobal
